
Microsoft Visual Studio Solution File, Format Version 12.00
# Visual Studio Version 17
VisualStudioVersion = 17.6.33723.286
MinimumVisualStudioVersion = 10.0.40219.1
Project("{FAE04EC0-301F-11D3-BF4B-00C04F79EFBC}") = "CodeChallenge", "CodeChallenge\CodeChallenge.csproj", "{4E8CF128-D8E7-494B-B5DC-E2B0789CABD2}"
EndProject
Project("{FAE04EC0-301F-11D3-BF4B-00C04F79EFBC}") = "CodeChallengeTest", "CodeChallengeTest\CodeChallengeTest.csproj", "{6F4F2680-E314-4F81-ADC4-C103CE20CA78}"
EndProject
Global
	GlobalSection(SolutionConfigurationPlatforms) = preSolution
		Debug|Any CPU = Debug|Any CPU
		Release|Any CPU = Release|Any CPU
	EndGlobalSection
	GlobalSection(ProjectConfigurationPlatforms) = postSolution
		{4E8CF128-D8E7-494B-B5DC-E2B0789CABD2}.Debug|Any CPU.ActiveCfg = Debug|Any CPU
		{4E8CF128-D8E7-494B-B5DC-E2B0789CABD2}.Debug|Any CPU.Build.0 = Debug|Any CPU
		{4E8CF128-D8E7-494B-B5DC-E2B0789CABD2}.Release|Any CPU.ActiveCfg = Release|Any CPU
		{4E8CF128-D8E7-494B-B5DC-E2B0789CABD2}.Release|Any CPU.Build.0 = Release|Any CPU
		{6F4F2680-E314-4F81-ADC4-C103CE20CA78}.Debug|Any CPU.ActiveCfg = Debug|Any CPU
		{6F4F2680-E314-4F81-ADC4-C103CE20CA78}.Debug|Any CPU.Build.0 = Debug|Any CPU
		{6F4F2680-E314-4F81-ADC4-C103CE20CA78}.Release|Any CPU.ActiveCfg = Release|Any CPU
		{6F4F2680-E314-4F81-ADC4-C103CE20CA78}.Release|Any CPU.Build.0 = Release|Any CPU
	EndGlobalSection
	GlobalSection(SolutionProperties) = preSolution
		HideSolutionNode = FALSE
	EndGlobalSection
	GlobalSection(ExtensibilityGlobals) = postSolution
		SolutionGuid = {5334EB1D-3702-43C6-8862-999711C55D07}
	EndGlobalSection
EndGlobal
